<?xml version="1.0" encoding="utf-8"?>
<Project ToolsVersion="4.0" xmlns="http://schemas.microsoft.com/developer/msbuild/2003">
  <ItemGroup>
    <Filter Include="win32">
      <UniqueIdentifier>{84a8ebd7-7cf0-47f6-b75e-d441df67da40}</UniqueIdentifier>
    </Filter>
    <Filter Include="resource">
      <UniqueIdentifier>{715254bc-d70b-4ec5-bf29-467dd3ace079}</UniqueIdentifier>
    </Filter>
    <Filter Include="src">
      <UniqueIdentifier>{bb6c862e-70e9-49d9-81b7-3829a6f50471}</UniqueIdentifier>
    </Filter>
    <Filter Include="src\Classes">
      <UniqueIdentifier>{9eba9b6a-360c-44e0-a578-753c8aede335}</UniqueIdentifier>
    </Filter>
    <Filter Include="src\Classes\configs">
      <UniqueIdentifier>{e01c99be-ff30-4f28-9af3-f7a5280e0efc}</UniqueIdentifier>
    </Filter>
    <Filter Include="src\Classes\configs\models">
      <UniqueIdentifier>{04199498-8602-483b-9792-cef4bd529b3f}</UniqueIdentifier>
    </Filter>
    <Filter Include="src\Classes\configs\loaders">
      <UniqueIdentifier>{47b02ee5-852a-4e27-a340-0267d4f94481}</UniqueIdentifier>
    </Filter>
    <Filter Include="src\Classes\models">
      <UniqueIdentifier>{858cccfb-e2a3-4e9d-b438-a3a36689b000}</UniqueIdentifier>
    </Filter>
    <Filter Include="src\Classes\views">
      <UniqueIdentifier>{c391a70e-4018-4243-9f6f-ea8805a92fce}</UniqueIdentifier>
    </Filter>
    <Filter Include="src\Classes\controllers">
      <UniqueIdentifier>{d57de409-c844-4e5e-bb8f-b8ef4ec39644}</UniqueIdentifier>
    </Filter>
    <Filter Include="src\Classes\managers">
      <UniqueIdentifier>{c8346e1f-a569-4eb4-800a-2cfc0f3d9e9a}</UniqueIdentifier>
    </Filter>
    <Filter Include="src\Classes\services">
      <UniqueIdentifier>{7a2a0304-9e95-431a-8fdc-7f82a31fe747}</UniqueIdentifier>
    </Filter>
    <Filter Include="src\Classes\utils">
      <UniqueIdentifier>{3a539b6a-f559-4743-99f3-d2b59a514634}</UniqueIdentifier>
    </Filter>
  </ItemGroup>
  <ItemGroup>
    <ClCompile Include="main.cpp">
      <Filter>win32</Filter>
    </ClCompile>
    <ClCompile Include="..\Classes\AppDelegate.cpp">
      <Filter>src</Filter>
    </ClCompile>
    <ClCompile Include="..\Classes\HelloWorldScene.cpp">
      <Filter>src</Filter>
    </ClCompile>
  </ItemGroup>
  <ItemGroup>
    <ClInclude Include="main.h">
      <Filter>win32</Filter>
    </ClInclude>
    <ClInclude Include="..\Classes\AppDelegate.h">
      <Filter>src</Filter>
    </ClInclude>
    <ClInclude Include="..\Classes\HelloWorldScene.h">
      <Filter>src</Filter>
    </ClInclude>
    <ClInclude Include="..\Classes\configs\models\LevelConfig.h">
      <Filter>src\Classes\configs\models</Filter>
    </ClInclude>
    <ClInclude Include="..\Classes\configs\loaders\LevelConfigLoader.h">
      <Filter>src\Classes\configs\loaders</Filter>
    </ClInclude>
  </ItemGroup>
  <ItemGroup>
    <ResourceCompile Include="game.rc">
      <Filter>resource</Filter>
    </ResourceCompile>
  </ItemGroup>
</Project>