<?xml version="1.0" encoding="utf-8"?>
<Project ToolsVersion="4.0" xmlns="http://schemas.microsoft.com/developer/msbuild/2003">
  <ItemGroup>
    <Filter Include="win32">
      <UniqueIdentifier>{84a8ebd7-7cf0-47f6-b75e-d441df67da40}</UniqueIdentifier>
    </Filter>
    <Filter Include="resource">
      <UniqueIdentifier>{715254bc-d70b-4ec5-bf29-467dd3ace079}</UniqueIdentifier>
    </Filter>
    <Filter Include="src">
      <UniqueIdentifier>{bb6c862e-70e9-49d9-81b7-3829a6f50471}</UniqueIdentifier>
    </Filter>
    <Filter Include="src\Classes">
      <UniqueIdentifier>{9eba9b6a-360c-44e0-a578-753c8aede335}</UniqueIdentifier>
    </Filter>
    <Filter Include="src\Classes\configs">
      <UniqueIdentifier>{e01c99be-ff30-4f28-9af3-f7a5280e0efc}</UniqueIdentifier>
    </Filter>
    <Filter Include="src\Classes\models">
      <UniqueIdentifier>{858cccfb-e2a3-4e9d-b438-a3a36689b000}</UniqueIdentifier>
    </Filter>
    <Filter Include="src\Classes\views">
      <UniqueIdentifier>{c391a70e-4018-4243-9f6f-ea8805a92fce}</UniqueIdentifier>
    </Filter>
    <Filter Include="src\Classes\controllers">
      <UniqueIdentifier>{d57de409-c844-4e5e-bb8f-b8ef4ec39644}</UniqueIdentifier>
    </Filter>
    <Filter Include="src\Classes\managers">
      <UniqueIdentifier>{c8346e1f-a569-4eb4-800a-2cfc0f3d9e9a}</UniqueIdentifier>
    </Filter>
    <Filter Include="src\Classes\services">
      <UniqueIdentifier>{7a2a0304-9e95-431a-8fdc-7f82a31fe747}</UniqueIdentifier>
    </Filter>
  </ItemGroup>
  <ItemGroup>
    <ClCompile Include="main.cpp">
      <Filter>win32</Filter>
    </ClCompile>
    <ClCompile Include="..\Classes\AppDelegate.cpp">
      <Filter>src</Filter>
    </ClCompile>
    <ClCompile Include="..\Classes\configs\LevelConfig.cpp">
      <Filter>src\Classes\configs</Filter>
    </ClCompile>
    <ClCompile Include="..\Classes\controllers\GameController.cpp">
      <Filter>src\Classes\controllers</Filter>
    </ClCompile>
    <ClCompile Include="..\Classes\controllers\PlayFieldController.cpp">
      <Filter>src\Classes\controllers</Filter>
    </ClCompile>
    <ClCompile Include="..\Classes\controllers\StackController.cpp">
      <Filter>src\Classes\controllers</Filter>
    </ClCompile>
    <ClCompile Include="..\Classes\managers\UndoManager.cpp">
      <Filter>src\Classes\managers</Filter>
    </ClCompile>
    <ClCompile Include="..\Classes\models\CardModel.cpp">
      <Filter>src\Classes\models</Filter>
    </ClCompile>
    <ClCompile Include="..\Classes\models\GameModel.cpp">
      <Filter>src\Classes\models</Filter>
    </ClCompile>
    <ClCompile Include="..\Classes\models\PlayFieldModel.cpp">
      <Filter>src\Classes\models</Filter>
    </ClCompile>
    <ClCompile Include="..\Classes\models\StackModel.cpp">
      <Filter>src\Classes\models</Filter>
    </ClCompile>
    <ClCompile Include="..\Classes\models\UndoModel.cpp">
      <Filter>src\Classes\models</Filter>
    </ClCompile>
    <ClCompile Include="..\Classes\services\GameModelFromLevelGenerator.cpp">
      <Filter>src\Classes\services</Filter>
    </ClCompile>
    <ClCompile Include="..\Classes\views\CardView.cpp">
      <Filter>src\Classes\views</Filter>
    </ClCompile>
    <ClCompile Include="..\Classes\views\GameView.cpp">
      <Filter>src\Classes\views</Filter>
    </ClCompile>
    <ClCompile Include="..\Classes\views\PlayFieldView.cpp">
      <Filter>src\Classes\views</Filter>
    </ClCompile>
    <ClCompile Include="..\Classes\views\StackView.cpp">
      <Filter>src\Classes\views</Filter>
    </ClCompile>
  </ItemGroup>
  <ItemGroup>
    <ClInclude Include="main.h">
      <Filter>win32</Filter>
    </ClInclude>
    <ClInclude Include="..\Classes\AppDelegate.h">
      <Filter>src</Filter>
    </ClInclude>
    <ClInclude Include="..\Classes\configs\LevelConfig.h">
      <Filter>src\Classes\configs</Filter>
    </ClInclude>
    <ClInclude Include="..\Classes\controllers\GameController.h">
      <Filter>src\Classes\controllers</Filter>
    </ClInclude>
    <ClInclude Include="..\Classes\controllers\PlayFieldController.h">
      <Filter>src\Classes\controllers</Filter>
    </ClInclude>
    <ClInclude Include="..\Classes\controllers\StackController.h">
      <Filter>src\Classes\controllers</Filter>
    </ClInclude>
    <ClInclude Include="..\Classes\managers\UndoManager.h">
      <Filter>src\Classes\managers</Filter>
    </ClInclude>
    <ClInclude Include="..\Classes\models\CardModel.h">
      <Filter>src\Classes\models</Filter>
    </ClInclude>
    <ClInclude Include="..\Classes\models\GameModel.h">
      <Filter>src\Classes\models</Filter>
    </ClInclude>
    <ClInclude Include="..\Classes\models\PlayFieldModel.h">
      <Filter>src\Classes\models</Filter>
    </ClInclude>
    <ClInclude Include="..\Classes\models\StackModel.h">
      <Filter>src\Classes\models</Filter>
    </ClInclude>
    <ClInclude Include="..\Classes\models\UndoModel.h">
      <Filter>src\Classes\models</Filter>
    </ClInclude>
    <ClInclude Include="..\Classes\services\GameModelFromLevelGenerator.h">
      <Filter>src\Classes\services</Filter>
    </ClInclude>
    <ClInclude Include="..\Classes\views\CardView.h">
      <Filter>src\Classes\views</Filter>
    </ClInclude>
    <ClInclude Include="..\Classes\views\GameView.h">
      <Filter>src\Classes\views</Filter>
    </ClInclude>
    <ClInclude Include="..\Classes\views\PlayFieldView.h">
      <Filter>src\Classes\views</Filter>
    </ClInclude>
    <ClInclude Include="..\Classes\views\StackView.h">
      <Filter>src\Classes\views</Filter>
    </ClInclude>
  </ItemGroup>
  <ItemGroup>
    <ResourceCompile Include="game.rc">
      <Filter>resource</Filter>
    </ResourceCompile>
  </ItemGroup>
</Project>